<?xml version="1.0" encoding="utf-8"?>
<Project ToolsVersion="4.0" xmlns="http://schemas.microsoft.com/developer/msbuild/2003">
  <ItemGroup>
    <Filter Include="Crown">
      <UniqueIdentifier>{b59b53c5-39c4-4765-a057-85abe990992c}</UniqueIdentifier>
    </Filter>
    <Filter Include="Game">
      <UniqueIdentifier>{107184e1-b24d-4140-8342-73b553e3a35b}</UniqueIdentifier>
    </Filter>
  </ItemGroup>
  <ItemGroup>
    <ClCompile Include="main.cpp">
      <Filter>Crown</Filter>
    </ClCompile>
    <ClCompile Include="Crown\GameEngine\GameEngine.cpp" />
    <ClCompile Include="Crown\RenderingEngine\RenderEngine.cpp" />
    <ClCompile Include="Crown\Windows\Window.cpp" />
    <ClCompile Include="Crown\RenderingEngine\CommandList.cpp" />
    <ClCompile Include="Crown\RenderingEngine\BundleCommandList.cpp" />
    <ClCompile Include="Crown\RenderingEngine\GPUThread.cpp" />
    <ClCompile Include="Crown\RenderingEngine\RenderEngineFactory.cpp" />
    <ClCompile Include="Crown\RenderingEngine\SwapChain.cpp" />
    <ClCompile Include="Crown\RenderingEngine\ResourceManager.cpp" />
    <ClCompile Include="Crown\RenderingEngine\Resource.cpp" />
  </ItemGroup>
  <ItemGroup>
    <ClInclude Include="Crown\Crown.h" />
    <ClInclude Include="Crown\GameEngine\GameEngine.h" />
    <ClInclude Include="Crown\RenderingEngine\RenderEngine.h" />
    <ClInclude Include="Crown\Windows\Window.h" />
    <ClInclude Include="Crown\RenderingEngine\IRenderEngine.h" />
    <ClInclude Include="Crown\RenderingEngine\CommandList.h" />
    <ClInclude Include="Crown\RenderingEngine\BundleCommandList.h" />
    <ClInclude Include="Crown\RenderingEngine\GPUThread.h" />
    <ClInclude Include="Crown\RenderingEngine\IRenderSystem.h" />
    <ClInclude Include="Crown\RenderingEngine\RenderEngineFactory.h" />
    <ClInclude Include="Crown\GameEngine\GameEnginePublicClass.h" />
    <ClInclude Include="Crown\RenderingEngine\RenderingEnginePublicClass.h" />
    <ClInclude Include="Crown\Windows\WindowsPublicClass.h" />
    <ClInclude Include="Crown\RenderingEngine\SwapChain.h" />
    <ClInclude Include="Crown\RenderingEngine\DirectX12.h" />
    <ClInclude Include="Crown\GameEngine\MultiThreadedInterface.h" />
    <ClInclude Include="Crown\RenderingEngine\ResourceManager.h" />
    <ClInclude Include="Crown\RenderingEngine\Resource.h" />
  </ItemGroup>
</Project>